#MicroXplorer Configuration settings - do not modify
Mcu.Family=STM32F0
ProjectManager.MainLocation=Core/Src
RCC.I2SFreq_Value=48000000
RCC.MCOFreq_Value=48000000
USB_DEVICE.CLASS_NAME_FS=HID
RCC.USART1Freq_Value=48000000
ProjectManager.ProjectFileName=rogy-cnc-controller.ioc
ProjectManager.KeepUserCode=true
Mcu.UserName=STM32F042K6Ux
Mcu.PinsNb=18
VP_TIM14_VS_ClockSourceINT.Signal=TIM14_VS_ClockSourceINT
NVIC.USB_IRQn=true\:0\:0\:false\:false\:true\:false\:true
ProjectManager.NoMain=false
USB_DEVICE.VirtualModeFS=Hid_FS
RCC.PLLCLKFreq_Value=16000000
ProjectManager.functionlistsort=1-MX_GPIO_Init-GPIO-false-HAL-true,2-SystemClock_Config-RCC-false-HAL-false
PA11.Mode=Device
ProjectManager.DefaultFWLocation=true
NVIC.SVC_IRQn=true\:0\:0\:false\:false\:true\:false\:false
ProjectManager.DeletePrevious=true
USB_DEVICE.IPParameters=VirtualMode,VirtualModeFS,CLASS_NAME_FS
PinOutPanel.RotationAngle=0
RCC.FamilyName=M
RCC.SYSCLKSource=RCC_SYSCLKSOURCE_HSI48
ProjectManager.StackSize=0x400
PA13.Signal=SYS_SWDIO
Mcu.IP4=USB
RCC.FCLKCortexFreq_Value=48000000
Mcu.IP5=USB_DEVICE
Mcu.IP2=SYS
Mcu.IP3=TIM14
Mcu.IP0=NVIC
Mcu.IP1=RCC
PA12.Signal=USB_DP
Mcu.UserConstants=
ProjectManager.TargetToolchain=STM32CubeIDE
Mcu.ThirdPartyNb=0
RCC.HCLKFreq_Value=48000000
Mcu.IPNb=6
ProjectManager.PreviousToolchain=
PA9.Signal=GPIO_Input
VP_RCC_USB.Mode=CRS SYNC Source USB
Mcu.Pin6=PA6
Mcu.Pin7=PA7
ProjectManager.RegisterCallBack=
Mcu.Pin8=PA8
Mcu.Pin9=PA9
PA1.Signal=GPIO_Output
RCC.AHBFreq_Value=48000000
Mcu.Pin0=PA0
Mcu.Pin1=PA1
Mcu.Pin2=PA2
Mcu.Pin3=PA3
Mcu.Pin4=PA4
Mcu.Pin5=PA5
PA5.Signal=GPIO_Output
ProjectManager.ProjectBuild=false
PA0.Locked=true
PA8.Locked=true
board=custom
PA4.Locked=true
NVIC.SysTick_IRQn=true\:0\:0\:false\:false\:true\:false\:true
ProjectManager.LastFirmware=true
RCC.VCOOutput2Freq_Value=8000000
ProjectManager.FirmwarePackage=STM32Cube FW_F0 V1.11.3
MxDb.Version=DB.6.0.21
VP_USB_DEVICE_VS_USB_DEVICE_HID_FS.Signal=USB_DEVICE_VS_USB_DEVICE_HID_FS
VP_USB_DEVICE_VS_USB_DEVICE_HID_FS.Mode=HID_FS
ProjectManager.BackupPrevious=false
MxCube.Version=6.2.1
PA14.Mode=Serial_Wire
File.Version=6
VP_SYS_VS_Systick.Mode=SysTick
PA9.Locked=true
PA8.Signal=GPIO_Input
NVIC.NonMaskableInt_IRQn=true\:0\:0\:false\:false\:true\:false\:false
NVIC.PendSV_IRQn=true\:0\:0\:false\:false\:true\:false\:false
PA13.Mode=Serial_Wire
ProjectManager.FreePins=false
RCC.IPParameters=AHBFreq_Value,APB1Freq_Value,APB1TimFreq_Value,CECFreq_Value,FCLKCortexFreq_Value,FamilyName,HCLKFreq_Value,HSICECFreq_Value,I2SFreq_Value,MCOFreq_Value,PLLCLKFreq_Value,PLLMCOFreq_Value,SYSCLKFreq_VALUE,SYSCLKSource,TimSysFreq_Value,USART1Freq_Value,VCOOutput2Freq_Value
ProjectManager.AskForMigrate=true
Mcu.Name=STM32F042K(4-6)Ux
ProjectManager.HalAssertFull=false
PA2.Signal=GPIO_Output
ProjectManager.ProjectName=rogy-cnc-controller
ProjectManager.UnderRoot=true
PA0.Signal=GPIO_Output
RCC.HSICECFreq_Value=32786.88524590164
RCC.PLLMCOFreq_Value=16000000
ProjectManager.CoupleFile=false
VP_RCC_USB.Signal=RCC_USB
PA4.Signal=GPIO_Output
RCC.SYSCLKFreq_VALUE=48000000
Mcu.Package=UFQFPN32
PA6.Signal=GPIO_Input
RCC.TimSysFreq_Value=48000000
PA1.Locked=true
PA5.Locked=true
PA3.Locked=true
PA7.Locked=true
PA12.Mode=Device
NVIC.ForceEnableDMAVector=true
KeepUserPlacement=false
ProjectManager.CompilerOptimize=6
ProjectManager.ToolChainLocation=
VP_SYS_VS_Systick.Signal=SYS_VS_Systick
PA11.Signal=USB_DM
PA14.Signal=SYS_SWCLK
ProjectManager.HeapSize=0x200
Mcu.Pin15=VP_SYS_VS_Systick
NVIC.HardFault_IRQn=true\:0\:0\:false\:false\:true\:false\:false
Mcu.Pin16=VP_TIM14_VS_ClockSourceINT
Mcu.Pin13=PA14
Mcu.Pin14=VP_RCC_USB
ProjectManager.ComputerToolchain=false
Mcu.Pin17=VP_USB_DEVICE_VS_USB_DEVICE_HID_FS
Mcu.Pin11=PA12
Mcu.Pin12=PA13
Mcu.Pin10=PA11
RCC.CECFreq_Value=32786.88524590164
RCC.APB1TimFreq_Value=48000000
VP_TIM14_VS_ClockSourceINT.Mode=Enable_Timer
RCC.APB1Freq_Value=48000000
USB_DEVICE.VirtualMode=Hid
ProjectManager.CustomerFirmwarePackage=
ProjectManager.DeviceId=STM32F042K6Ux
ProjectManager.LibraryCopy=1
PA3.Signal=GPIO_Output
PA7.Signal=GPIO_Input
PA6.Locked=true
PA2.Locked=true
isbadioc=false
